# THIS IS AN AUTOGENERATED FILE. DO NOT EDIT THIS FILE DIRECTLY.
# yarn lockfile v1


"@types/estree@0.0.39":
  version "0.0.39"
  resolved "https://registry.yarnpkg.com/@types/estree/-/estree-0.0.39.tgz#e177e699ee1b8c22d23174caaa7422644389509f"
  integrity sha512-EYNwp3bU+98cpU4lAWYYL7Zz+2gryWH1qbdDTidVd6hkiR6weksdbMadyXKXNPEkQFhXM+hVO9ZygomHXp+AIw==

"@types/node@^12.0.10":
  version "12.6.2"
  resolved "https://registry.yarnpkg.com/@types/node/-/node-12.6.2.tgz#a5ccec6abb6060d5f20d256fb03ed743e9774999"
  integrity sha512-gojym4tX0FWeV2gsW4Xmzo5wxGjXGm550oVUII7f7G5o4BV6c7DBdiG1RRQd+y1bvqRyYtPfMK85UM95vsapqQ==

acorn@^6.1.1:
  version "6.2.0"
  resolved "https://registry.yarnpkg.com/acorn/-/acorn-6.2.0.tgz#67f0da2fc339d6cfb5d6fb244fd449f33cd8bbe3"
  integrity sha512-8oe72N3WPMjA+2zVG71Ia0nXZ8DpQH+QyyHO+p06jT8eg8FGG3FbcUIi8KziHlAfheJQZeoqbvq1mQSQHXKYLw==

echarts@^4.2.1:
  version "4.2.1"
  resolved "https://registry.yarnpkg.com/echarts/-/echarts-4.2.1.tgz#9a8ea3b03354f86f824d97625c334cf16965ef03"
  integrity sha512-pw4xScRPsLegD/cqEcoXRKeA2SD4+s+Kyo0Na166NamOWhzNl2yI5RZ2rE97tBlAopNmhyMeBVpAeD5qb+ee1A==
  dependencies:
    zrender "4.0.7"

estree-walker@^0.6.1:
  version "0.6.1"
  resolved "https://registry.yarnpkg.com/estree-walker/-/estree-walker-0.6.1.tgz#53049143f40c6eb918b23671d1fe3219f3a1b362"
  integrity sha512-SqmZANLWS0mnatqbSfRP5g8OXZC12Fgg1IwNtLsyHDzJizORW4khDfjPqJZsemPWBB2uqykUah5YpQ6epsqC/w==

require-relative@^0.8.7:
  version "0.8.7"
  resolved "https://registry.yarnpkg.com/require-relative/-/require-relative-0.8.7.tgz#7999539fc9e047a37928fa196f8e1563dabd36de"
  integrity sha1-eZlTn8ngR6N5KPoZb44VY9q9Nt4=

rollup-plugin-svelte@^5.0.3:
  version "5.1.0"
  resolved "https://registry.yarnpkg.com/rollup-plugin-svelte/-/rollup-plugin-svelte-5.1.0.tgz#6c2d3998db9141a934343a0e7298499994aadd25"
  integrity sha512-4MRZG29dAWDpoxEs5uIHzDnYafQEOLaKIJAuDYUtFIzEm1F1IGSTlFyjd8/qk4wltlHdu6V7YfZY53+CKryhMg==
  dependencies:
    require-relative "^0.8.7"
    rollup-pluginutils "^2.3.3"
    sourcemap-codec "^1.4.4"

rollup-pluginutils@^2.3.3:
  version "2.8.1"
  resolved "https://registry.yarnpkg.com/rollup-pluginutils/-/rollup-pluginutils-2.8.1.tgz#8fa6dd0697344938ef26c2c09d2488ce9e33ce97"
  integrity sha512-J5oAoysWar6GuZo0s+3bZ6sVZAC0pfqKz68De7ZgDi5z63jOVZn1uJL/+z1jeKHNbGII8kAyHF5q8LnxSX5lQg==
  dependencies:
    estree-walker "^0.6.1"

rollup@^1.12.0:
  version "1.16.7"
  resolved "https://registry.yarnpkg.com/rollup/-/rollup-1.16.7.tgz#4b539ca22465df39f6c963d2001d95f6527e97e1"
  integrity sha512-P3GVcbVSLLjHWFLKGerYRe3Q/yggRXmTZFx/4WZf4wzGwO6hAg5jyMAFMQKc0dts8rFID4BQngfoz6yQbI7iMQ==
  dependencies:
    "@types/estree" "0.0.39"
    "@types/node" "^12.0.10"
    acorn "^6.1.1"

size-sensor@^0.2.5:
  version "0.2.5"
  resolved "https://registry.yarnpkg.com/size-sensor/-/size-sensor-0.2.5.tgz#e8ffb7cc5258893472bfda4f5734d66583247757"
  integrity sha512-Rip8d6LmCHIBUY5iIS3nKln1X4bF8260oFI4suo6MX+vOV/aNpNWYKTyjamSJMbxP17qMlR0DmGXFEio3BYJUg==

sourcemap-codec@^1.4.4:
  version "1.4.6"
  resolved "https://registry.yarnpkg.com/sourcemap-codec/-/sourcemap-codec-1.4.6.tgz#e30a74f0402bad09807640d39e971090a08ce1e9"
  integrity sha512-1ZooVLYFxC448piVLBbtOxFcXwnymH9oUF8nRd3CuYDVvkRBxRl6pB4Mtas5a4drtL+E8LDgFkQNcgIw6tc8Hg==

svelte@^3.6.6:
  version "3.6.6"
  resolved "https://registry.yarnpkg.com/svelte/-/svelte-3.6.6.tgz#3a1972b0722d92c471a2b7c9950d6dbace62f7c2"
  integrity sha512-qtQBZucRYlZ8zCcXtLjPk3iFwpxr8NcaIoK3zTxCP9SMnSRB6qTyHdteF54CwWR0c9+9awWVv+t5yr5xDJZ7MQ==

zrender@4.0.7:
  version "4.0.7"
  resolved "https://registry.yarnpkg.com/zrender/-/zrender-4.0.7.tgz#15ae960822f5efed410995d37e5107fe3de10e6d"
  integrity sha512-TNloHe0ums6zxbHfnaCryM61J4IWDajZwNq6dHk9vfWhhysO/OeFvvR0drBs/nbXha2YxSzfQj2FiCd6RVBe+Q==
